<?xml version="1.0" encoding="utf-8"?>
<Project ToolsVersion="4.0" xmlns="http://schemas.microsoft.com/developer/msbuild/2003">
  <ItemGroup>
    <Filter Include="Source Files">
      <UniqueIdentifier>{4FC737F1-C7A5-4376-A066-2A32D752A2FF}</UniqueIdentifier>
      <Extensions>cpp;c;cc;cxx;c++;cppm;ixx;def;odl;idl;hpj;bat;asm;asmx</Extensions>
    </Filter>
    <Filter Include="Header Files">
      <UniqueIdentifier>{93995380-89BD-4b04-88EB-625FBE52EBFB}</UniqueIdentifier>
      <Extensions>h;hh;hpp;hxx;h++;hm;inl;inc;ipp;xsd</Extensions>
    </Filter>
    <Filter Include="Resource Files">
      <UniqueIdentifier>{67DA6AB6-F800-4c08-8B7A-83BB121AAD01}</UniqueIdentifier>
      <Extensions>rc;ico;cur;bmp;dlg;rc2;rct;bin;rgs;gif;jpg;jpeg;jpe;resx;tiff;tif;png;wav;mfcribbon-ms</Extensions>
    </Filter>
    <Filter Include="Source Files\Opcodes">
      <UniqueIdentifier>{61585967-3a09-4572-9d06-b7eec3123f60}</UniqueIdentifier>
    </Filter>
    <Filter Include="Source Files\Opcodes\In">
      <UniqueIdentifier>{88078fe6-bccc-40cc-b178-be92823aa39a}</UniqueIdentifier>
    </Filter>
    <Filter Include="Source Files\Opcodes\Out">
      <UniqueIdentifier>{fb102e1f-9e1f-4d69-92e9-525bb609ca4a}</UniqueIdentifier>
    </Filter>
    <Filter Include="Header Files\Opcodes">
      <UniqueIdentifier>{02552fda-dc88-49ea-8e67-39e455c18d88}</UniqueIdentifier>
    </Filter>
    <Filter Include="Header Files\Opcodes\In">
      <UniqueIdentifier>{17bc8a70-a643-4b2c-9c0b-9910544a0266}</UniqueIdentifier>
    </Filter>
    <Filter Include="Header Files\Opcodes\Out">
      <UniqueIdentifier>{3e406dec-4bd0-4a09-b40d-5242f68ddcd3}</UniqueIdentifier>
    </Filter>
    <Filter Include="Header Files\Enums">
      <UniqueIdentifier>{c20b5e18-bc5a-450b-873e-d52cc3929c44}</UniqueIdentifier>
    </Filter>
    <Filter Include="Source Files\Game">
      <UniqueIdentifier>{298e7ae0-5a7c-4dd4-b399-ce03f0c943ef}</UniqueIdentifier>
    </Filter>
    <Filter Include="Header Files\Game">
      <UniqueIdentifier>{481a9630-f2dc-41e4-874c-aa11255fe9a9}</UniqueIdentifier>
    </Filter>
    <Filter Include="Header Files\Utils">
      <UniqueIdentifier>{4b00b707-fa00-43bf-969c-8a52c248b09b}</UniqueIdentifier>
    </Filter>
    <Filter Include="Source Files\Utils">
      <UniqueIdentifier>{2cb01a26-3c91-4cd5-a48b-8a937849b679}</UniqueIdentifier>
    </Filter>
  </ItemGroup>
  <ItemGroup>
    <ClCompile Include="src\server.cpp">
      <Filter>Source Files</Filter>
    </ClCompile>
    <ClCompile Include="src\client.cpp">
      <Filter>Source Files</Filter>
    </ClCompile>
    <ClCompile Include="src\msg_manager.cpp">
      <Filter>Source Files</Filter>
    </ClCompile>
    <ClCompile Include="src\opcode_manager.cpp">
      <Filter>Source Files</Filter>
    </ClCompile>
    <ClCompile Include="src\client_input.cpp">
      <Filter>Source Files</Filter>
    </ClCompile>
    <ClCompile Include="src\in_error.cpp">
      <Filter>Source Files\Opcodes\In</Filter>
    </ClCompile>
    <ClCompile Include="src\in_idle.cpp">
      <Filter>Source Files\Opcodes\In</Filter>
    </ClCompile>
    <ClCompile Include="src\opcode_in.cpp">
      <Filter>Source Files\Opcodes</Filter>
    </ClCompile>
    <ClCompile Include="src\opcode_out.cpp">
      <Filter>Source Files\Opcodes</Filter>
    </ClCompile>
    <ClCompile Include="src\out_server_message.cpp">
      <Filter>Source Files\Opcodes\Out</Filter>
    </ClCompile>
    <ClCompile Include="src\in_move.cpp">
      <Filter>Source Files\Opcodes\In</Filter>
    </ClCompile>
    <ClCompile Include="src\out_update_players.cpp">
      <Filter>Source Files\Opcodes\Out</Filter>
    </ClCompile>
    <ClCompile Include="src\main.cpp">
      <Filter>Source Files</Filter>
    </ClCompile>
    <ClCompile Include="src\out_begin_game.cpp">
      <Filter>Source Files\Opcodes\Out</Filter>
    </ClCompile>
    <ClCompile Include="src\in_client_message.cpp">
      <Filter>Source Files\Opcodes\In</Filter>
    </ClCompile>
    <ClCompile Include="src\game.cpp">
      <Filter>Source Files\Game</Filter>
    </ClCompile>
    <ClCompile Include="src\map.cpp">
      <Filter>Source Files\Game</Filter>
    </ClCompile>
    <ClCompile Include="src\city.cpp">
      <Filter>Source Files\Game</Filter>
    </ClCompile>
    <ClCompile Include="src\player_info.cpp">
      <Filter>Source Files\Game</Filter>
    </ClCompile>
    <ClCompile Include="src\utility.cpp">
      <Filter>Source Files\Utils</Filter>
    </ClCompile>
    <ClCompile Include="src\timer.cpp">
      <Filter>Source Files\Utils</Filter>
    </ClCompile>
    <ClCompile Include="src\card_stack.cpp">
      <Filter>Source Files\Utils</Filter>
    </ClCompile>
    <ClCompile Include="src\out_update_player_card.cpp">
      <Filter>Source Files\Opcodes\Out</Filter>
    </ClCompile>
    <ClCompile Include="src\out_trigger_infection.cpp">
      <Filter>Source Files\Opcodes\Out</Filter>
    </ClCompile>
    <ClCompile Include="src\in_ready.cpp">
      <Filter>Source Files\Opcodes\In</Filter>
    </ClCompile>
    <ClCompile Include="src\out_update_turn.cpp">
      <Filter>Source Files\Opcodes\Out</Filter>
    </ClCompile>
  </ItemGroup>
  <ItemGroup>
    <ClInclude Include="src\inc\server.h">
      <Filter>Header Files</Filter>
    </ClInclude>
    <ClInclude Include="src\inc\client.h">
      <Filter>Header Files</Filter>
    </ClInclude>
    <ClInclude Include="src\inc\msg_manager.h">
      <Filter>Header Files</Filter>
    </ClInclude>
    <ClInclude Include="src\inc\opcode_manager.h">
      <Filter>Header Files</Filter>
    </ClInclude>
    <ClInclude Include="src\inc\client_input.h">
      <Filter>Header Files</Filter>
    </ClInclude>
    <ClInclude Include="src\inc\opcode_in.h">
      <Filter>Header Files\Opcodes</Filter>
    </ClInclude>
    <ClInclude Include="src\inc\opcode_out.h">
      <Filter>Header Files\Opcodes</Filter>
    </ClInclude>
    <ClInclude Include="src\inc\out_server_message.h">
      <Filter>Header Files\Opcodes\Out</Filter>
    </ClInclude>
    <ClInclude Include="src\inc\in_error.h">
      <Filter>Header Files\Opcodes\In</Filter>
    </ClInclude>
    <ClInclude Include="src\inc\in_idle.h">
      <Filter>Header Files\Opcodes\In</Filter>
    </ClInclude>
    <ClInclude Include="src\inc\in_move.h">
      <Filter>Header Files\Opcodes\In</Filter>
    </ClInclude>
    <ClInclude Include="src\inc\out_update_players.h">
      <Filter>Header Files\Opcodes\Out</Filter>
    </ClInclude>
    <ClInclude Include="src\inc\out_begin_game.h">
      <Filter>Header Files\Opcodes\Out</Filter>
    </ClInclude>
    <ClInclude Include="src\inc\server_message_type.h">
      <Filter>Header Files\Enums</Filter>
    </ClInclude>
    <ClInclude Include="src\inc\client_message_type.h">
      <Filter>Header Files\Enums</Filter>
    </ClInclude>
    <ClInclude Include="src\inc\in_client_message.h">
      <Filter>Header Files\Opcodes\In</Filter>
    </ClInclude>
    <ClInclude Include="src\inc\client_state.h">
      <Filter>Header Files\Enums</Filter>
    </ClInclude>
    <ClInclude Include="src\inc\game.h">
      <Filter>Header Files\Game</Filter>
    </ClInclude>
    <ClInclude Include="src\inc\city.h">
      <Filter>Header Files\Game</Filter>
    </ClInclude>
    <ClInclude Include="src\inc\map.h">
      <Filter>Header Files\Game</Filter>
    </ClInclude>
    <ClInclude Include="src\inc\player_info.h">
      <Filter>Header Files\Game</Filter>
    </ClInclude>
    <ClInclude Include="src\inc\player_role.h">
      <Filter>Header Files\Enums</Filter>
    </ClInclude>
    <ClInclude Include="src\inc\utility.h">
      <Filter>Header Files\Utils</Filter>
    </ClInclude>
    <ClInclude Include="src\inc\timer.h">
      <Filter>Header Files\Utils</Filter>
    </ClInclude>
    <ClInclude Include="src\inc\server_opcode.h">
      <Filter>Header Files\Enums</Filter>
    </ClInclude>
    <ClInclude Include="src\inc\client_opcode.h">
      <Filter>Header Files\Enums</Filter>
    </ClInclude>
    <ClInclude Include="src\inc\player_card.h">
      <Filter>Header Files\Enums</Filter>
    </ClInclude>
    <ClInclude Include="src\inc\card_stack.h">
      <Filter>Header Files\Utils</Filter>
    </ClInclude>
    <ClInclude Include="src\inc\out_update_player_card.h">
      <Filter>Header Files\Opcodes\Out</Filter>
    </ClInclude>
    <ClInclude Include="src\inc\city_color.h">
      <Filter>Header Files\Enums</Filter>
    </ClInclude>
    <ClInclude Include="src\inc\infection_card.h">
      <Filter>Header Files\Enums</Filter>
    </ClInclude>
    <ClInclude Include="src\inc\out_trigger_infection.h">
      <Filter>Header Files\Opcodes\Out</Filter>
    </ClInclude>
    <ClInclude Include="src\inc\infection_type.h">
      <Filter>Header Files\Enums</Filter>
    </ClInclude>
    <ClInclude Include="src\inc\in_ready.h">
      <Filter>Header Files\Opcodes\In</Filter>
    </ClInclude>
    <ClInclude Include="src\inc\out_update_turn.h">
      <Filter>Header Files\Opcodes\Out</Filter>
    </ClInclude>
    <ClInclude Include="src\inc\turn_update_type.h">
      <Filter>Header Files\Enums</Filter>
    </ClInclude>
  </ItemGroup>
</Project>